
Microsoft Visual Studio Solution File, Format Version 12.00
# Visual Studio Version 16
VisualStudioVersion = 16.0.29411.108
MinimumVisualStudioVersion = 10.0.40219.1
Project("{9A19103F-16F7-4668-BE54-9A1E7A4F7556}") = "GServer", "GServer\GServer.csproj", "{A658662D-0251-4059-9786-45EC5D60639A}"
EndProject
Global
	GlobalSection(SolutionConfigurationPlatforms) = preSolution
		Debug|Any CPU = Debug|Any CPU
		Release|Any CPU = Release|Any CPU
	EndGlobalSection
	GlobalSection(ProjectConfigurationPlatforms) = postSolution
		{A658662D-0251-4059-9786-45EC5D60639A}.Debug|Any CPU.ActiveCfg = Debug|Any CPU
		{A658662D-0251-4059-9786-45EC5D60639A}.Debug|Any CPU.Build.0 = Debug|Any CPU
		{A658662D-0251-4059-9786-45EC5D60639A}.Release|Any CPU.ActiveCfg = Release|Any CPU
		{A658662D-0251-4059-9786-45EC5D60639A}.Release|Any CPU.Build.0 = Release|Any CPU
	EndGlobalSection
	GlobalSection(SolutionProperties) = preSolution
		HideSolutionNode = FALSE
	EndGlobalSection
	GlobalSection(ExtensibilityGlobals) = postSolution
		SolutionGuid = {CD3817B7-C50F-4745-92CF-60D2FC0E10C9}
	EndGlobalSection
EndGlobal
